// !$*UTF8*$!
{
	archiveVersion = 1;
	classes = {
	};
	objectVersion = 55;
	objects = {

/* Begin PBXBuildFile section */
		6569DF8B2857819900568281 /* AppDelegate.swift in Sources */ = {isa = PBXBuildFile; fileRef = 6569DF8A2857819900568281 /* AppDelegate.swift */; };
		6569DF8D2857819900568281 /* SceneDelegate.swift in Sources */ = {isa = PBXBuildFile; fileRef = 6569DF8C2857819900568281 /* SceneDelegate.swift */; };
		6569DF942857819A00568281 /* Assets.xcassets in Resources */ = {isa = PBXBuildFile; fileRef = 6569DF932857819A00568281 /* Assets.xcassets */; };
		6569DF972857819A00568281 /* LaunchScreen.storyboard in Resources */ = {isa = PBXBuildFile; fileRef = 6569DF952857819A00568281 /* LaunchScreen.storyboard */; };
		6569DF9F2857829B00568281 /* CityWeatherViewController.swift in Sources */ = {isa = PBXBuildFile; fileRef = 6569DF9E2857829B00568281 /* CityWeatherViewController.swift */; };
		6569DFA2285782E400568281 /* CityWeatherView.swift in Sources */ = {isa = PBXBuildFile; fileRef = 6569DFA1285782E400568281 /* CityWeatherView.swift */; };
		6569DFA92857840300568281 /* ViewRepresentable.swift in Sources */ = {isa = PBXBuildFile; fileRef = 6569DFA82857840300568281 /* ViewRepresentable.swift */; };
		6569DFAD28578E1300568281 /* WeatherCollectionViewCell.swift in Sources */ = {isa = PBXBuildFile; fileRef = 6569DFAC28578E1300568281 /* WeatherCollectionViewCell.swift */; };
		6569DFB0285794BC00568281 /* CellRepresentable.swift in Sources */ = {isa = PBXBuildFile; fileRef = 6569DFAF285794BC00568281 /* CellRepresentable.swift */; };
		6569DFB22857960800568281 /* DetailWeatherView.swift in Sources */ = {isa = PBXBuildFile; fileRef = 6569DFB12857960800568281 /* DetailWeatherView.swift */; };
		6569DFB42857993300568281 /* DetailWeatherViewController.swift in Sources */ = {isa = PBXBuildFile; fileRef = 6569DFB32857993300568281 /* DetailWeatherViewController.swift */; };
		6569DFB928579BA100568281 /* Weathers.swift in Sources */ = {isa = PBXBuildFile; fileRef = 6569DFB828579BA100568281 /* Weathers.swift */; };
		6569DFBC28579C8D00568281 /* ImageCacheManager.swift in Sources */ = {isa = PBXBuildFile; fileRef = 6569DFBB28579C8D00568281 /* ImageCacheManager.swift */; };
		6584BC6C2858626E00E6933F /* CityID.plist in Resources */ = {isa = PBXBuildFile; fileRef = 6584BC6B2858626E00E6933F /* CityID.plist */; };
		6584BC6E2858647D00E6933F /* NetworkManager.swift in Sources */ = {isa = PBXBuildFile; fileRef = 6584BC6D2858647D00E6933F /* NetworkManager.swift */; };
		6584BC7028586B8700E6933F /* AppID.plist in Resources */ = {isa = PBXBuildFile; fileRef = 6584BC6F28586B8700E6933F /* AppID.plist */; };
/* End PBXBuildFile section */

/* Begin PBXFileReference section */
		6569DF872857819900568281 /* OpenWeather.app */ = {isa = PBXFileReference; explicitFileType = wrapper.application; includeInIndex = 0; path = OpenWeather.app; sourceTree = BUILT_PRODUCTS_DIR; };
		6569DF8A2857819900568281 /* AppDelegate.swift */ = {isa = PBXFileReference; lastKnownFileType = sourcecode.swift; path = AppDelegate.swift; sourceTree = "<group>"; };
		6569DF8C2857819900568281 /* SceneDelegate.swift */ = {isa = PBXFileReference; lastKnownFileType = sourcecode.swift; path = SceneDelegate.swift; sourceTree = "<group>"; };
		6569DF932857819A00568281 /* Assets.xcassets */ = {isa = PBXFileReference; lastKnownFileType = folder.assetcatalog; path = Assets.xcassets; sourceTree = "<group>"; };
		6569DF962857819A00568281 /* Base */ = {isa = PBXFileReference; lastKnownFileType = file.storyboard; name = Base; path = Base.lproj/LaunchScreen.storyboard; sourceTree = "<group>"; };
		6569DF982857819A00568281 /* Info.plist */ = {isa = PBXFileReference; lastKnownFileType = text.plist.xml; path = Info.plist; sourceTree = "<group>"; };
		6569DF9E2857829B00568281 /* CityWeatherViewController.swift */ = {isa = PBXFileReference; lastKnownFileType = sourcecode.swift; path = CityWeatherViewController.swift; sourceTree = "<group>"; };
		6569DFA1285782E400568281 /* CityWeatherView.swift */ = {isa = PBXFileReference; lastKnownFileType = sourcecode.swift; path = CityWeatherView.swift; sourceTree = "<group>"; };
		6569DFA82857840300568281 /* ViewRepresentable.swift */ = {isa = PBXFileReference; lastKnownFileType = sourcecode.swift; path = ViewRepresentable.swift; sourceTree = "<group>"; };
		6569DFAC28578E1300568281 /* WeatherCollectionViewCell.swift */ = {isa = PBXFileReference; lastKnownFileType = sourcecode.swift; path = WeatherCollectionViewCell.swift; sourceTree = "<group>"; };
		6569DFAF285794BC00568281 /* CellRepresentable.swift */ = {isa = PBXFileReference; lastKnownFileType = sourcecode.swift; path = CellRepresentable.swift; sourceTree = "<group>"; };
		6569DFB12857960800568281 /* DetailWeatherView.swift */ = {isa = PBXFileReference; lastKnownFileType = sourcecode.swift; path = DetailWeatherView.swift; sourceTree = "<group>"; };
		6569DFB32857993300568281 /* DetailWeatherViewController.swift */ = {isa = PBXFileReference; lastKnownFileType = sourcecode.swift; path = DetailWeatherViewController.swift; sourceTree = "<group>"; };
		6569DFB828579BA100568281 /* Weathers.swift */ = {isa = PBXFileReference; lastKnownFileType = sourcecode.swift; path = Weathers.swift; sourceTree = "<group>"; };
		6569DFBB28579C8D00568281 /* ImageCacheManager.swift */ = {isa = PBXFileReference; lastKnownFileType = sourcecode.swift; path = ImageCacheManager.swift; sourceTree = "<group>"; };
		6584BC6B2858626E00E6933F /* CityID.plist */ = {isa = PBXFileReference; lastKnownFileType = text.plist.xml; path = CityID.plist; sourceTree = "<group>"; };
		6584BC6D2858647D00E6933F /* NetworkManager.swift */ = {isa = PBXFileReference; lastKnownFileType = sourcecode.swift; path = NetworkManager.swift; sourceTree = "<group>"; };
		6584BC6F28586B8700E6933F /* AppID.plist */ = {isa = PBXFileReference; lastKnownFileType = text.plist.xml; path = AppID.plist; sourceTree = "<group>"; };
/* End PBXFileReference section */

/* Begin PBXFrameworksBuildPhase section */
		6569DF842857819900568281 /* Frameworks */ = {
			isa = PBXFrameworksBuildPhase;
			buildActionMask = 2147483647;
			files = (
			);
			runOnlyForDeploymentPostprocessing = 0;
		};
/* End PBXFrameworksBuildPhase section */

/* Begin PBXGroup section */
		6569DF7E2857819900568281 = {
			isa = PBXGroup;
			children = (
				6569DF892857819900568281 /* OpenWeather */,
				6569DF882857819900568281 /* Products */,
			);
			sourceTree = "<group>";
		};
		6569DF882857819900568281 /* Products */ = {
			isa = PBXGroup;
			children = (
				6569DF872857819900568281 /* OpenWeather.app */,
			);
			name = Products;
			sourceTree = "<group>";
		};
		6569DF892857819900568281 /* OpenWeather */ = {
			isa = PBXGroup;
			children = (
				6569DFA62857834600568281 /* Supporting Files */,
				6569DFA7285783DB00568281 /* Protocols */,
				6569DFBA28579C4C00568281 /* Manager */,
				6569DFA52857833800568281 /* Network */,
				6569DFB728579B6F00568281 /* Model */,
				6569DFA0285782D100568281 /* Views */,
				6569DFA3285782E800568281 /* ViewModel */,
				6569DF932857819A00568281 /* Assets.xcassets */,
				6569DF952857819A00568281 /* LaunchScreen.storyboard */,
				6569DF982857819A00568281 /* Info.plist */,
				6584BC6B2858626E00E6933F /* CityID.plist */,
				6584BC6F28586B8700E6933F /* AppID.plist */,
			);
			path = OpenWeather;
			sourceTree = "<group>";
		};
		6569DFA0285782D100568281 /* Views */ = {
			isa = PBXGroup;
			children = (
				6569DFAB28578DEF00568281 /* Cell */,
				6569DFAA28578BC600568281 /* CityWeatherView */,
				6569DFAE285793EB00568281 /* DetailWeatherView */,
			);
			path = Views;
			sourceTree = "<group>";
		};
		6569DFA3285782E800568281 /* ViewModel */ = {
			isa = PBXGroup;
			children = (
			);
			path = ViewModel;
			sourceTree = "<group>";
		};
		6569DFA52857833800568281 /* Network */ = {
			isa = PBXGroup;
			children = (
				6584BC6D2858647D00E6933F /* NetworkManager.swift */,
			);
			path = Network;
			sourceTree = "<group>";
		};
		6569DFA62857834600568281 /* Supporting Files */ = {
			isa = PBXGroup;
			children = (
				6569DF8C2857819900568281 /* SceneDelegate.swift */,
				6569DF8A2857819900568281 /* AppDelegate.swift */,
			);
			path = "Supporting Files";
			sourceTree = "<group>";
		};
		6569DFA7285783DB00568281 /* Protocols */ = {
			isa = PBXGroup;
			children = (
				6569DFA82857840300568281 /* ViewRepresentable.swift */,
				6569DFAF285794BC00568281 /* CellRepresentable.swift */,
			);
			path = Protocols;
			sourceTree = "<group>";
		};
		6569DFAA28578BC600568281 /* CityWeatherView */ = {
			isa = PBXGroup;
			children = (
				6569DFA1285782E400568281 /* CityWeatherView.swift */,
				6569DF9E2857829B00568281 /* CityWeatherViewController.swift */,
			);
			path = CityWeatherView;
			sourceTree = "<group>";
		};
		6569DFAB28578DEF00568281 /* Cell */ = {
			isa = PBXGroup;
			children = (
				6569DFAC28578E1300568281 /* WeatherCollectionViewCell.swift */,
			);
			path = Cell;
			sourceTree = "<group>";
		};
		6569DFAE285793EB00568281 /* DetailWeatherView */ = {
			isa = PBXGroup;
			children = (
				6569DFB12857960800568281 /* DetailWeatherView.swift */,
				6569DFB32857993300568281 /* DetailWeatherViewController.swift */,
			);
			path = DetailWeatherView;
			sourceTree = "<group>";
		};
		6569DFB728579B6F00568281 /* Model */ = {
			isa = PBXGroup;
			children = (
				6569DFB828579BA100568281 /* Weathers.swift */,
			);
			path = Model;
			sourceTree = "<group>";
		};
		6569DFBA28579C4C00568281 /* Manager */ = {
			isa = PBXGroup;
			children = (
				6569DFBB28579C8D00568281 /* ImageCacheManager.swift */,
			);
			path = Manager;
			sourceTree = "<group>";
		};
/* End PBXGroup section */

/* Begin PBXNativeTarget section */
		6569DF862857819900568281 /* OpenWeather */ = {
			isa = PBXNativeTarget;
			buildConfigurationList = 6569DF9B2857819A00568281 /* Build configuration list for PBXNativeTarget "OpenWeather" */;
			buildPhases = (
				6569DF832857819900568281 /* Sources */,
				6569DF842857819900568281 /* Frameworks */,
				6569DF852857819900568281 /* Resources */,
			);
			buildRules = (
			);
			dependencies = (
			);
			name = OpenWeather;
			productName = OpenWeather;
			productReference = 6569DF872857819900568281 /* OpenWeather.app */;
			productType = "com.apple.product-type.application";
		};
/* End PBXNativeTarget section */

/* Begin PBXProject section */
		6569DF7F2857819900568281 /* Project object */ = {
			isa = PBXProject;
			attributes = {
				BuildIndependentTargetsInParallel = 1;
				LastSwiftUpdateCheck = 1330;
				LastUpgradeCheck = 1330;
				TargetAttributes = {
					6569DF862857819900568281 = {
						CreatedOnToolsVersion = 13.3.1;
					};
				};
			};
			buildConfigurationList = 6569DF822857819900568281 /* Build configuration list for PBXProject "OpenWeather" */;
			compatibilityVersion = "Xcode 13.0";
			developmentRegion = en;
			hasScannedForEncodings = 0;
			knownRegions = (
				en,
				Base,
			);
			mainGroup = 6569DF7E2857819900568281;
			productRefGroup = 6569DF882857819900568281 /* Products */;
			projectDirPath = "";
			projectRoot = "";
			targets = (
				6569DF862857819900568281 /* OpenWeather */,
			);
		};
/* End PBXProject section */

/* Begin PBXResourcesBuildPhase section */
		6569DF852857819900568281 /* Resources */ = {
			isa = PBXResourcesBuildPhase;
			buildActionMask = 2147483647;
			files = (
				6569DF972857819A00568281 /* LaunchScreen.storyboard in Resources */,
				6569DF942857819A00568281 /* Assets.xcassets in Resources */,
				6584BC6C2858626E00E6933F /* CityID.plist in Resources */,
				6584BC7028586B8700E6933F /* AppID.plist in Resources */,
			);
			runOnlyForDeploymentPostprocessing = 0;
		};
/* End PBXResourcesBuildPhase section */

/* Begin PBXSourcesBuildPhase section */
		6569DF832857819900568281 /* Sources */ = {
			isa = PBXSourcesBuildPhase;
			buildActionMask = 2147483647;
			files = (
				6569DFB22857960800568281 /* DetailWeatherView.swift in Sources */,
				6569DFA2285782E400568281 /* CityWeatherView.swift in Sources */,
				6569DF8B2857819900568281 /* AppDelegate.swift in Sources */,
				6584BC6E2858647D00E6933F /* NetworkManager.swift in Sources */,
				6569DFB42857993300568281 /* DetailWeatherViewController.swift in Sources */,
				6569DF9F2857829B00568281 /* CityWeatherViewController.swift in Sources */,
				6569DFAD28578E1300568281 /* WeatherCollectionViewCell.swift in Sources */,
				6569DFB928579BA100568281 /* Weathers.swift in Sources */,
				6569DF8D2857819900568281 /* SceneDelegate.swift in Sources */,
				6569DFB0285794BC00568281 /* CellRepresentable.swift in Sources */,
				6569DFBC28579C8D00568281 /* ImageCacheManager.swift in Sources */,
				6569DFA92857840300568281 /* ViewRepresentable.swift in Sources */,
			);
			runOnlyForDeploymentPostprocessing = 0;
		};
/* End PBXSourcesBuildPhase section */

/* Begin PBXVariantGroup section */
		6569DF952857819A00568281 /* LaunchScreen.storyboard */ = {
			isa = PBXVariantGroup;
			children = (
				6569DF962857819A00568281 /* Base */,
			);
			name = LaunchScreen.storyboard;
			sourceTree = "<group>";
		};
/* End PBXVariantGroup section */

/* Begin XCBuildConfiguration section */
		6569DF992857819A00568281 /* Debug */ = {
			isa = XCBuildConfiguration;
			buildSettings = {
				ALWAYS_SEARCH_USER_PATHS = NO;
				CLANG_ANALYZER_NONNULL = YES;
				CLANG_ANALYZER_NUMBER_OBJECT_CONVERSION = YES_AGGRESSIVE;
				CLANG_CXX_LANGUAGE_STANDARD = "gnu++17";
				CLANG_ENABLE_MODULES = YES;
				CLANG_ENABLE_OBJC_ARC = YES;
				CLANG_ENABLE_OBJC_WEAK = YES;
				CLANG_WARN_BLOCK_CAPTURE_AUTORELEASING = YES;
				CLANG_WARN_BOOL_CONVERSION = YES;
				CLANG_WARN_COMMA = YES;
				CLANG_WARN_CONSTANT_CONVERSION = YES;
				CLANG_WARN_DEPRECATED_OBJC_IMPLEMENTATIONS = YES;
				CLANG_WARN_DIRECT_OBJC_ISA_USAGE = YES_ERROR;
				CLANG_WARN_DOCUMENTATION_COMMENTS = YES;
				CLANG_WARN_EMPTY_BODY = YES;
				CLANG_WARN_ENUM_CONVERSION = YES;
				CLANG_WARN_INFINITE_RECURSION = YES;
				CLANG_WARN_INT_CONVERSION = YES;
				CLANG_WARN_NON_LITERAL_NULL_CONVERSION = YES;
				CLANG_WARN_OBJC_IMPLICIT_RETAIN_SELF = YES;
				CLANG_WARN_OBJC_LITERAL_CONVERSION = YES;
				CLANG_WARN_OBJC_ROOT_CLASS = YES_ERROR;
				CLANG_WARN_QUOTED_INCLUDE_IN_FRAMEWORK_HEADER = YES;
				CLANG_WARN_RANGE_LOOP_ANALYSIS = YES;
				CLANG_WARN_STRICT_PROTOTYPES = YES;
				CLANG_WARN_SUSPICIOUS_MOVE = YES;
				CLANG_WARN_UNGUARDED_AVAILABILITY = YES_AGGRESSIVE;
				CLANG_WARN_UNREACHABLE_CODE = YES;
				CLANG_WARN__DUPLICATE_METHOD_MATCH = YES;
				COPY_PHASE_STRIP = NO;
				DEBUG_INFORMATION_FORMAT = dwarf;
				ENABLE_STRICT_OBJC_MSGSEND = YES;
				ENABLE_TESTABILITY = YES;
				GCC_C_LANGUAGE_STANDARD = gnu11;
				GCC_DYNAMIC_NO_PIC = NO;
				GCC_NO_COMMON_BLOCKS = YES;
				GCC_OPTIMIZATION_LEVEL = 0;
				GCC_PREPROCESSOR_DEFINITIONS = (
					"DEBUG=1",
					"$(inherited)",
				);
				GCC_WARN_64_TO_32_BIT_CONVERSION = YES;
				GCC_WARN_ABOUT_RETURN_TYPE = YES_ERROR;
				GCC_WARN_UNDECLARED_SELECTOR = YES;
				GCC_WARN_UNINITIALIZED_AUTOS = YES_AGGRESSIVE;
				GCC_WARN_UNUSED_FUNCTION = YES;
				GCC_WARN_UNUSED_VARIABLE = YES;
				IPHONEOS_DEPLOYMENT_TARGET = 15.4;
				MTL_ENABLE_DEBUG_INFO = INCLUDE_SOURCE;
				MTL_FAST_MATH = YES;
				ONLY_ACTIVE_ARCH = YES;
				SDKROOT = iphoneos;
				SWIFT_ACTIVE_COMPILATION_CONDITIONS = DEBUG;
				SWIFT_OPTIMIZATION_LEVEL = "-Onone";
			};
			name = Debug;
		};
		6569DF9A2857819A00568281 /* Release */ = {
			isa = XCBuildConfiguration;
			buildSettings = {
				ALWAYS_SEARCH_USER_PATHS = NO;
				CLANG_ANALYZER_NONNULL = YES;
				CLANG_ANALYZER_NUMBER_OBJECT_CONVERSION = YES_AGGRESSIVE;
				CLANG_CXX_LANGUAGE_STANDARD = "gnu++17";
				CLANG_ENABLE_MODULES = YES;
				CLANG_ENABLE_OBJC_ARC = YES;
				CLANG_ENABLE_OBJC_WEAK = YES;
				CLANG_WARN_BLOCK_CAPTURE_AUTORELEASING = YES;
				CLANG_WARN_BOOL_CONVERSION = YES;
				CLANG_WARN_COMMA = YES;
				CLANG_WARN_CONSTANT_CONVERSION = YES;
				CLANG_WARN_DEPRECATED_OBJC_IMPLEMENTATIONS = YES;
				CLANG_WARN_DIRECT_OBJC_ISA_USAGE = YES_ERROR;
				CLANG_WARN_DOCUMENTATION_COMMENTS = YES;
				CLANG_WARN_EMPTY_BODY = YES;
				CLANG_WARN_ENUM_CONVERSION = YES;
				CLANG_WARN_INFINITE_RECURSION = YES;
				CLANG_WARN_INT_CONVERSION = YES;
				CLANG_WARN_NON_LITERAL_NULL_CONVERSION = YES;
				CLANG_WARN_OBJC_IMPLICIT_RETAIN_SELF = YES;
				CLANG_WARN_OBJC_LITERAL_CONVERSION = YES;
				CLANG_WARN_OBJC_ROOT_CLASS = YES_ERROR;
				CLANG_WARN_QUOTED_INCLUDE_IN_FRAMEWORK_HEADER = YES;
				CLANG_WARN_RANGE_LOOP_ANALYSIS = YES;
				CLANG_WARN_STRICT_PROTOTYPES = YES;
				CLANG_WARN_SUSPICIOUS_MOVE = YES;
				CLANG_WARN_UNGUARDED_AVAILABILITY = YES_AGGRESSIVE;
				CLANG_WARN_UNREACHABLE_CODE = YES;
				CLANG_WARN__DUPLICATE_METHOD_MATCH = YES;
				COPY_PHASE_STRIP = NO;
				DEBUG_INFORMATION_FORMAT = "dwarf-with-dsym";
				ENABLE_NS_ASSERTIONS = NO;
				ENABLE_STRICT_OBJC_MSGSEND = YES;
				GCC_C_LANGUAGE_STANDARD = gnu11;
				GCC_NO_COMMON_BLOCKS = YES;
				GCC_WARN_64_TO_32_BIT_CONVERSION = YES;
				GCC_WARN_ABOUT_RETURN_TYPE = YES_ERROR;
				GCC_WARN_UNDECLARED_SELECTOR = YES;
				GCC_WARN_UNINITIALIZED_AUTOS = YES_AGGRESSIVE;
				GCC_WARN_UNUSED_FUNCTION = YES;
				GCC_WARN_UNUSED_VARIABLE = YES;
				IPHONEOS_DEPLOYMENT_TARGET = 15.4;
				MTL_ENABLE_DEBUG_INFO = NO;
				MTL_FAST_MATH = YES;
				SDKROOT = iphoneos;
				SWIFT_COMPILATION_MODE = wholemodule;
				SWIFT_OPTIMIZATION_LEVEL = "-O";
				VALIDATE_PRODUCT = YES;
			};
			name = Release;
		};
		6569DF9C2857819A00568281 /* Debug */ = {
			isa = XCBuildConfiguration;
			buildSettings = {
				ASSETCATALOG_COMPILER_APPICON_NAME = AppIcon;
				ASSETCATALOG_COMPILER_GLOBAL_ACCENT_COLOR_NAME = AccentColor;
				CODE_SIGN_STYLE = Automatic;
				CURRENT_PROJECT_VERSION = 1;
				DEVELOPMENT_TEAM = W4HDX5XCG8;
				GENERATE_INFOPLIST_FILE = YES;
				INFOPLIST_FILE = OpenWeather/Info.plist;
				INFOPLIST_KEY_UIApplicationSupportsIndirectInputEvents = YES;
				INFOPLIST_KEY_UILaunchStoryboardName = LaunchScreen;
				INFOPLIST_KEY_UISupportedInterfaceOrientations_iPad = "UIInterfaceOrientationPortrait UIInterfaceOrientationPortraitUpsideDown UIInterfaceOrientationLandscapeLeft UIInterfaceOrientationLandscapeRight";
				INFOPLIST_KEY_UISupportedInterfaceOrientations_iPhone = "UIInterfaceOrientationPortrait UIInterfaceOrientationLandscapeLeft UIInterfaceOrientationLandscapeRight";
				IPHONEOS_DEPLOYMENT_TARGET = 14.0;
				LD_RUNPATH_SEARCH_PATHS = (
					"$(inherited)",
					"@executable_path/Frameworks",
				);
				MARKETING_VERSION = 1.0;
				PRODUCT_BUNDLE_IDENTIFIER = com.sangwon.OpenWeather;
				PRODUCT_NAME = "$(TARGET_NAME)";
				SWIFT_EMIT_LOC_STRINGS = YES;
				SWIFT_VERSION = 5.0;
				TARGETED_DEVICE_FAMILY = 1;
			};
			name = Debug;
		};
		6569DF9D2857819A00568281 /* Release */ = {
			isa = XCBuildConfiguration;
			buildSettings = {
				ASSETCATALOG_COMPILER_APPICON_NAME = AppIcon;
				ASSETCATALOG_COMPILER_GLOBAL_ACCENT_COLOR_NAME = AccentColor;
				CODE_SIGN_STYLE = Automatic;
				CURRENT_PROJECT_VERSION = 1;
				DEVELOPMENT_TEAM = W4HDX5XCG8;
				GENERATE_INFOPLIST_FILE = YES;
				INFOPLIST_FILE = OpenWeather/Info.plist;
				INFOPLIST_KEY_UIApplicationSupportsIndirectInputEvents = YES;
				INFOPLIST_KEY_UILaunchStoryboardName = LaunchScreen;
				INFOPLIST_KEY_UISupportedInterfaceOrientations_iPad = "UIInterfaceOrientationPortrait UIInterfaceOrientationPortraitUpsideDown UIInterfaceOrientationLandscapeLeft UIInterfaceOrientationLandscapeRight";
				INFOPLIST_KEY_UISupportedInterfaceOrientations_iPhone = "UIInterfaceOrientationPortrait UIInterfaceOrientationLandscapeLeft UIInterfaceOrientationLandscapeRight";
				IPHONEOS_DEPLOYMENT_TARGET = 14.0;
				LD_RUNPATH_SEARCH_PATHS = (
					"$(inherited)",
					"@executable_path/Frameworks",
				);
				MARKETING_VERSION = 1.0;
				PRODUCT_BUNDLE_IDENTIFIER = com.sangwon.OpenWeather;
				PRODUCT_NAME = "$(TARGET_NAME)";
				SWIFT_EMIT_LOC_STRINGS = YES;
				SWIFT_VERSION = 5.0;
				TARGETED_DEVICE_FAMILY = 1;
			};
			name = Release;
		};
/* End XCBuildConfiguration section */

/* Begin XCConfigurationList section */
		6569DF822857819900568281 /* Build configuration list for PBXProject "OpenWeather" */ = {
			isa = XCConfigurationList;
			buildConfigurations = (
				6569DF992857819A00568281 /* Debug */,
				6569DF9A2857819A00568281 /* Release */,
			);
			defaultConfigurationIsVisible = 0;
			defaultConfigurationName = Release;
		};
		6569DF9B2857819A00568281 /* Build configuration list for PBXNativeTarget "OpenWeather" */ = {
			isa = XCConfigurationList;
			buildConfigurations = (
				6569DF9C2857819A00568281 /* Debug */,
				6569DF9D2857819A00568281 /* Release */,
			);
			defaultConfigurationIsVisible = 0;
			defaultConfigurationName = Release;
		};
/* End XCConfigurationList section */
	};
	rootObject = 6569DF7F2857819900568281 /* Project object */;
}
